
Microsoft Visual Studio Solution File, Format Version 12.00
# Visual Studio Version 17
VisualStudioVersion = 17.1.32228.430
MinimumVisualStudioVersion = 10.0.40219.1
Project("{9A19103F-16F7-4668-BE54-9A1E7A4F7556}") = "CunaBackendCodingChallenge", "CunaBackendCodingChallenge\CunaBackendCodingChallenge.csproj", "{0E6D1B5E-2C3B-4774-B157-FC0E8B6BC9AC}"
EndProject
Project("{FAE04EC0-301F-11D3-BF4B-00C04F79EFBC}") = "CunaBackendCodingChallenge.Test", "CunaBackendCodingChallenge.Test\CunaBackendCodingChallenge.Test.csproj", "{7071E408-88FA-4FAD-A464-E50D22A3E234}"
EndProject
Global
	GlobalSection(SolutionConfigurationPlatforms) = preSolution
		Debug|Any CPU = Debug|Any CPU
		Release|Any CPU = Release|Any CPU
	EndGlobalSection
	GlobalSection(ProjectConfigurationPlatforms) = postSolution
		{0E6D1B5E-2C3B-4774-B157-FC0E8B6BC9AC}.Debug|Any CPU.ActiveCfg = Debug|Any CPU
		{0E6D1B5E-2C3B-4774-B157-FC0E8B6BC9AC}.Debug|Any CPU.Build.0 = Debug|Any CPU
		{0E6D1B5E-2C3B-4774-B157-FC0E8B6BC9AC}.Release|Any CPU.ActiveCfg = Release|Any CPU
		{0E6D1B5E-2C3B-4774-B157-FC0E8B6BC9AC}.Release|Any CPU.Build.0 = Release|Any CPU
		{7071E408-88FA-4FAD-A464-E50D22A3E234}.Debug|Any CPU.ActiveCfg = Debug|Any CPU
		{7071E408-88FA-4FAD-A464-E50D22A3E234}.Debug|Any CPU.Build.0 = Debug|Any CPU
		{7071E408-88FA-4FAD-A464-E50D22A3E234}.Release|Any CPU.ActiveCfg = Release|Any CPU
		{7071E408-88FA-4FAD-A464-E50D22A3E234}.Release|Any CPU.Build.0 = Release|Any CPU
	EndGlobalSection
	GlobalSection(SolutionProperties) = preSolution
		HideSolutionNode = FALSE
	EndGlobalSection
	GlobalSection(ExtensibilityGlobals) = postSolution
		SolutionGuid = {9847003A-7C30-49E6-9500-79982C3BD080}
	EndGlobalSection
EndGlobal
